// !$*UTF8*$!
{
	archiveVersion = 1;
	classes = {
	};
	objectVersion = 46;
	objects = {

/* Begin PBXBuildFile section */
		5B0CBDDD1B4F95E20008B079 /* ILoginService.swift in Sources */ = {isa = PBXBuildFile; fileRef = 5B745E881B4BC8F8003E55DE /* ILoginService.swift */; };
		5B745E891B4BC8F8003E55DE /* ILoginService.swift in Sources */ = {isa = PBXBuildFile; fileRef = 5B745E881B4BC8F8003E55DE /* ILoginService.swift */; };
		5B745E8B1B4BC98B003E55DE /* LocalLoginService.swift in Sources */ = {isa = PBXBuildFile; fileRef = 5B745E8A1B4BC98B003E55DE /* LocalLoginService.swift */; };
		5B745E961B4BE9F7003E55DE /* LoginViewController.swift in Sources */ = {isa = PBXBuildFile; fileRef = 5B745E911B4BE9F7003E55DE /* LoginViewController.swift */; };
		5B745E971B4BE9F7003E55DE /* RootViewController.swift in Sources */ = {isa = PBXBuildFile; fileRef = 5B745E921B4BE9F7003E55DE /* RootViewController.swift */; };
		5B745E981B4BE9F7003E55DE /* LoginView.xib in Resources */ = {isa = PBXBuildFile; fileRef = 5B745E941B4BE9F7003E55DE /* LoginView.xib */; };
		5B9100921B4E5C8D00CC8F28 /* LocalLoginTest.swift in Sources */ = {isa = PBXBuildFile; fileRef = 5B9100911B4E5C8D00CC8F28 /* LocalLoginTest.swift */; };
		5B9100931B4E5F1A00CC8F28 /* LocalLoginService.swift in Sources */ = {isa = PBXBuildFile; fileRef = 5B745E8A1B4BC98B003E55DE /* LocalLoginService.swift */; };
		5B9826801B4D0E49001F1656 /* ServiceAssembly.swift in Sources */ = {isa = PBXBuildFile; fileRef = 5B98267F1B4D0E49001F1656 /* ServiceAssembly.swift */; };
		5B9826891B4D2105001F1656 /* draft.png in Resources */ = {isa = PBXBuildFile; fileRef = 5B9826831B4D2105001F1656 /* draft.png */; };
		5B98268A1B4D2105001F1656 /* favourite.png in Resources */ = {isa = PBXBuildFile; fileRef = 5B9826841B4D2105001F1656 /* favourite.png */; };
		5B98268B1B4D2105001F1656 /* home.png in Resources */ = {isa = PBXBuildFile; fileRef = 5B9826851B4D2105001F1656 /* home.png */; };
		5B98268C1B4D2105001F1656 /* notifs.png in Resources */ = {isa = PBXBuildFile; fileRef = 5B9826861B4D2105001F1656 /* notifs.png */; };
		5B98268D1B4D2105001F1656 /* profile.png in Resources */ = {isa = PBXBuildFile; fileRef = 5B9826871B4D2105001F1656 /* profile.png */; };
		5B98268E1B4D2105001F1656 /* search.png in Resources */ = {isa = PBXBuildFile; fileRef = 5B9826881B4D2105001F1656 /* search.png */; };
		5B9826941B4D4C87001F1656 /* FavouriteViewController.swift in Sources */ = {isa = PBXBuildFile; fileRef = 5B9826931B4D4C87001F1656 /* FavouriteViewController.swift */; };
		5B9826961B4D4D12001F1656 /* FavouriteView.xib in Resources */ = {isa = PBXBuildFile; fileRef = 5B9826951B4D4D12001F1656 /* FavouriteView.xib */; };
		5B9826981B4D4EA9001F1656 /* RootView.xib in Resources */ = {isa = PBXBuildFile; fileRef = 5B9826971B4D4EA9001F1656 /* RootView.xib */; };
		5B9C087E1B4D57AC0024D9DD /* DraftViewController.swift in Sources */ = {isa = PBXBuildFile; fileRef = 5B9C087D1B4D57AC0024D9DD /* DraftViewController.swift */; };
		5B9C08801B4D57C70024D9DD /* DraftView.xib in Resources */ = {isa = PBXBuildFile; fileRef = 5B9C087F1B4D57C70024D9DD /* DraftView.xib */; };
		5B9C08821B4D5E8B0024D9DD /* HomeViewController.swift in Sources */ = {isa = PBXBuildFile; fileRef = 5B9C08811B4D5E8B0024D9DD /* HomeViewController.swift */; };
		5B9C08841B4D5EA80024D9DD /* HomeView.xib in Resources */ = {isa = PBXBuildFile; fileRef = 5B9C08831B4D5EA80024D9DD /* HomeView.xib */; };
		5B9C08861B4D5F260024D9DD /* NotifyViewController.swift in Sources */ = {isa = PBXBuildFile; fileRef = 5B9C08851B4D5F260024D9DD /* NotifyViewController.swift */; };
		5B9C08881B4D5F930024D9DD /* NotifyView.xib in Resources */ = {isa = PBXBuildFile; fileRef = 5B9C08871B4D5F930024D9DD /* NotifyView.xib */; };
		5B9C088A1B4D60EA0024D9DD /* ProfileViewController.swift in Sources */ = {isa = PBXBuildFile; fileRef = 5B9C08891B4D60EA0024D9DD /* ProfileViewController.swift */; };
		5B9C088C1B4D61050024D9DD /* ProfileView.xib in Resources */ = {isa = PBXBuildFile; fileRef = 5B9C088B1B4D61050024D9DD /* ProfileView.xib */; };
		5BA8388C1B4B9FAD000E41C6 /* AppDelegate.swift in Sources */ = {isa = PBXBuildFile; fileRef = 5BA8387D1B4B9FAD000E41C6 /* AppDelegate.swift */; };
		5BA8388D1B4B9FAD000E41C6 /* ApplicationAssembly.swift in Sources */ = {isa = PBXBuildFile; fileRef = 5BA8387F1B4B9FAD000E41C6 /* ApplicationAssembly.swift */; };
		5BA8388E1B4B9FAD000E41C6 /* Configuration.plist in Resources */ = {isa = PBXBuildFile; fileRef = 5BA838801B4B9FAD000E41C6 /* Configuration.plist */; };
		5BA8388F1B4B9FAD000E41C6 /* ibook_ios.xcdatamodeld in Sources */ = {isa = PBXBuildFile; fileRef = 5BA838831B4B9FAD000E41C6 /* ibook_ios.xcdatamodeld */; };
		5BA838911B4B9FAD000E41C6 /* Images.xcassets in Resources */ = {isa = PBXBuildFile; fileRef = 5BA838871B4B9FAD000E41C6 /* Images.xcassets */; };
		5BA838921B4B9FAD000E41C6 /* LaunchScreen.xib in Resources */ = {isa = PBXBuildFile; fileRef = 5BA838891B4B9FAD000E41C6 /* LaunchScreen.xib */; };
		5BAB71411B4EB5C600C1E47C /* BaseTextEditViewController.swift in Sources */ = {isa = PBXBuildFile; fileRef = 5BAB71401B4EB5C600C1E47C /* BaseTextEditViewController.swift */; };
		5BDC01761B639C8D00F9C59F /* FBSDKCoreKit.framework in Frameworks */ = {isa = PBXBuildFile; fileRef = 5BDC01751B639C8D00F9C59F /* FBSDKCoreKit.framework */; };
		5BDC01781B639E1700F9C59F /* SocialLoginViewController.swift in Sources */ = {isa = PBXBuildFile; fileRef = 5BDC01771B639E1700F9C59F /* SocialLoginViewController.swift */; };
		5BDC017B1B639F8C00F9C59F /* FBSDKLoginKit.framework in Frameworks */ = {isa = PBXBuildFile; fileRef = 5BDC01791B639F8C00F9C59F /* FBSDKLoginKit.framework */; };
		5BDC017C1B639F8C00F9C59F /* FBSDKShareKit.framework in Frameworks */ = {isa = PBXBuildFile; fileRef = 5BDC017A1B639F8C00F9C59F /* FBSDKShareKit.framework */; };
		5BDC01801B63ACC700F9C59F /* Colors.swift in Sources */ = {isa = PBXBuildFile; fileRef = 5BDC017F1B63ACC700F9C59F /* Colors.swift */; };
		5BDC01941B63F11F00F9C59F /* AddressBook.framework in Frameworks */ = {isa = PBXBuildFile; fileRef = 5BDC01891B63F11F00F9C59F /* AddressBook.framework */; };
		5BDC019A1B63F11F00F9C59F /* Foundation.framework in Frameworks */ = {isa = PBXBuildFile; fileRef = 5BDC018F1B63F11F00F9C59F /* Foundation.framework */; };
		5BDC019D1B63F11F00F9C59F /* SystemConfiguration.framework in Frameworks */ = {isa = PBXBuildFile; fileRef = 5BDC01921B63F11F00F9C59F /* SystemConfiguration.framework */; };
		5BDC019E1B63F11F00F9C59F /* UIKit.framework in Frameworks */ = {isa = PBXBuildFile; fileRef = 5BDC01931B63F11F00F9C59F /* UIKit.framework */; };
		5BDC01A01B63F24600F9C59F /* Value.swift in Sources */ = {isa = PBXBuildFile; fileRef = 5BDC019F1B63F24600F9C59F /* Value.swift */; };
		5BDC01A21B64083400F9C59F /* StoreKit.framework in Frameworks */ = {isa = PBXBuildFile; fileRef = 5BDC01A11B64083400F9C59F /* StoreKit.framework */; };
		5BDC01AB1B6416FD00F9C59F /* GoogleSignIn.bundle in Resources */ = {isa = PBXBuildFile; fileRef = 5BDC01A91B6416FD00F9C59F /* GoogleSignIn.bundle */; };
		5BDC01AC1B6416FD00F9C59F /* GoogleSignIn.framework in Frameworks */ = {isa = PBXBuildFile; fileRef = 5BDC01AA1B6416FD00F9C59F /* GoogleSignIn.framework */; };
		5BE3D5261B4CDBDC00F43B58 /* TabBarViewController.swift in Sources */ = {isa = PBXBuildFile; fileRef = 5BE3D5251B4CDBDC00F43B58 /* TabBarViewController.swift */; };
		5BF2C5AE1B6479CB0026251A /* FBLoginService.swift in Sources */ = {isa = PBXBuildFile; fileRef = 5BF2C5AD1B6479CB0026251A /* FBLoginService.swift */; };
		5BF2C5B01B647B000026251A /* GGLoginService.swift in Sources */ = {isa = PBXBuildFile; fileRef = 5BF2C5AF1B647B000026251A /* GGLoginService.swift */; };
		5BF2C5B21B64994A0026251A /* TestLoginSuccessController.swift in Sources */ = {isa = PBXBuildFile; fileRef = 5BF2C5B11B64994A0026251A /* TestLoginSuccessController.swift */; };
		DA7C094BCF4F39D5DE3DAF56 /* Pods_ibook_ios.framework in Frameworks */ = {isa = PBXBuildFile; fileRef = 85EC97B678FC6F6377D3158D /* Pods_ibook_ios.framework */; settings = {ATTRIBUTES = (Weak, ); }; };
/* End PBXBuildFile section */

/* Begin PBXContainerItemProxy section */
		5BF1EF191B4993C5002F511B /* PBXContainerItemProxy */ = {
			isa = PBXContainerItemProxy;
			containerPortal = 5BF1EEF81B4993C5002F511B /* Project object */;
			proxyType = 1;
			remoteGlobalIDString = 5BF1EEFF1B4993C5002F511B;
			remoteInfo = "ibook-ios";
		};
/* End PBXContainerItemProxy section */

/* Begin PBXFileReference section */
		5B745E881B4BC8F8003E55DE /* ILoginService.swift */ = {isa = PBXFileReference; fileEncoding = 4; lastKnownFileType = sourcecode.swift; path = ILoginService.swift; sourceTree = "<group>"; };
		5B745E8A1B4BC98B003E55DE /* LocalLoginService.swift */ = {isa = PBXFileReference; fileEncoding = 4; lastKnownFileType = sourcecode.swift; path = LocalLoginService.swift; sourceTree = "<group>"; };
		5B745E911B4BE9F7003E55DE /* LoginViewController.swift */ = {isa = PBXFileReference; fileEncoding = 4; lastKnownFileType = sourcecode.swift; path = LoginViewController.swift; sourceTree = "<group>"; };
		5B745E921B4BE9F7003E55DE /* RootViewController.swift */ = {isa = PBXFileReference; fileEncoding = 4; lastKnownFileType = sourcecode.swift; path = RootViewController.swift; sourceTree = "<group>"; };
		5B745E941B4BE9F7003E55DE /* LoginView.xib */ = {isa = PBXFileReference; fileEncoding = 4; lastKnownFileType = file.xib; path = LoginView.xib; sourceTree = "<group>"; };
		5B9100911B4E5C8D00CC8F28 /* LocalLoginTest.swift */ = {isa = PBXFileReference; fileEncoding = 4; lastKnownFileType = sourcecode.swift; path = LocalLoginTest.swift; sourceTree = "<group>"; };
		5B98267F1B4D0E49001F1656 /* ServiceAssembly.swift */ = {isa = PBXFileReference; fileEncoding = 4; lastKnownFileType = sourcecode.swift; path = ServiceAssembly.swift; sourceTree = "<group>"; };
		5B9826831B4D2105001F1656 /* draft.png */ = {isa = PBXFileReference; lastKnownFileType = image.png; path = draft.png; sourceTree = "<group>"; };
		5B9826841B4D2105001F1656 /* favourite.png */ = {isa = PBXFileReference; lastKnownFileType = image.png; path = favourite.png; sourceTree = "<group>"; };
		5B9826851B4D2105001F1656 /* home.png */ = {isa = PBXFileReference; lastKnownFileType = image.png; path = home.png; sourceTree = "<group>"; };
		5B9826861B4D2105001F1656 /* notifs.png */ = {isa = PBXFileReference; lastKnownFileType = image.png; path = notifs.png; sourceTree = "<group>"; };
		5B9826871B4D2105001F1656 /* profile.png */ = {isa = PBXFileReference; lastKnownFileType = image.png; path = profile.png; sourceTree = "<group>"; };
		5B9826881B4D2105001F1656 /* search.png */ = {isa = PBXFileReference; lastKnownFileType = image.png; path = search.png; sourceTree = "<group>"; };
		5B9826931B4D4C87001F1656 /* FavouriteViewController.swift */ = {isa = PBXFileReference; fileEncoding = 4; lastKnownFileType = sourcecode.swift; path = FavouriteViewController.swift; sourceTree = "<group>"; };
		5B9826951B4D4D12001F1656 /* FavouriteView.xib */ = {isa = PBXFileReference; fileEncoding = 4; lastKnownFileType = file.xib; path = FavouriteView.xib; sourceTree = "<group>"; };
		5B9826971B4D4EA9001F1656 /* RootView.xib */ = {isa = PBXFileReference; fileEncoding = 4; lastKnownFileType = file.xib; path = RootView.xib; sourceTree = "<group>"; };
		5B9C087D1B4D57AC0024D9DD /* DraftViewController.swift */ = {isa = PBXFileReference; fileEncoding = 4; lastKnownFileType = sourcecode.swift; path = DraftViewController.swift; sourceTree = "<group>"; };
		5B9C087F1B4D57C70024D9DD /* DraftView.xib */ = {isa = PBXFileReference; fileEncoding = 4; lastKnownFileType = file.xib; path = DraftView.xib; sourceTree = "<group>"; };
		5B9C08811B4D5E8B0024D9DD /* HomeViewController.swift */ = {isa = PBXFileReference; fileEncoding = 4; lastKnownFileType = sourcecode.swift; path = HomeViewController.swift; sourceTree = "<group>"; };
		5B9C08831B4D5EA80024D9DD /* HomeView.xib */ = {isa = PBXFileReference; fileEncoding = 4; lastKnownFileType = file.xib; path = HomeView.xib; sourceTree = "<group>"; };
		5B9C08851B4D5F260024D9DD /* NotifyViewController.swift */ = {isa = PBXFileReference; fileEncoding = 4; lastKnownFileType = sourcecode.swift; path = NotifyViewController.swift; sourceTree = "<group>"; };
		5B9C08871B4D5F930024D9DD /* NotifyView.xib */ = {isa = PBXFileReference; fileEncoding = 4; lastKnownFileType = file.xib; path = NotifyView.xib; sourceTree = "<group>"; };
		5B9C08891B4D60EA0024D9DD /* ProfileViewController.swift */ = {isa = PBXFileReference; fileEncoding = 4; lastKnownFileType = sourcecode.swift; path = ProfileViewController.swift; sourceTree = "<group>"; };
		5B9C088B1B4D61050024D9DD /* ProfileView.xib */ = {isa = PBXFileReference; fileEncoding = 4; lastKnownFileType = file.xib; path = ProfileView.xib; sourceTree = "<group>"; };
		5BA8387D1B4B9FAD000E41C6 /* AppDelegate.swift */ = {isa = PBXFileReference; fileEncoding = 4; lastKnownFileType = sourcecode.swift; path = AppDelegate.swift; sourceTree = "<group>"; };
		5BA8387F1B4B9FAD000E41C6 /* ApplicationAssembly.swift */ = {isa = PBXFileReference; fileEncoding = 4; lastKnownFileType = sourcecode.swift; path = ApplicationAssembly.swift; sourceTree = "<group>"; };
		5BA838801B4B9FAD000E41C6 /* Configuration.plist */ = {isa = PBXFileReference; fileEncoding = 4; lastKnownFileType = text.plist.xml; path = Configuration.plist; sourceTree = "<group>"; };
		5BA838811B4B9FAD000E41C6 /* Bridging.h */ = {isa = PBXFileReference; fileEncoding = 4; lastKnownFileType = sourcecode.c.h; path = Bridging.h; sourceTree = "<group>"; };
		5BA838841B4B9FAD000E41C6 /* ibook_ios.xcdatamodel */ = {isa = PBXFileReference; lastKnownFileType = wrapper.xcdatamodel; path = ibook_ios.xcdatamodel; sourceTree = "<group>"; };
		5BA838851B4B9FAD000E41C6 /* Info.plist */ = {isa = PBXFileReference; fileEncoding = 4; lastKnownFileType = text.plist.xml; path = Info.plist; sourceTree = "<group>"; };
		5BA838871B4B9FAD000E41C6 /* Images.xcassets */ = {isa = PBXFileReference; lastKnownFileType = folder.assetcatalog; path = Images.xcassets; sourceTree = "<group>"; };
		5BA838891B4B9FAD000E41C6 /* LaunchScreen.xib */ = {isa = PBXFileReference; fileEncoding = 4; lastKnownFileType = file.xib; name = LaunchScreen.xib; path = ../LaunchScreen.xib; sourceTree = "<group>"; };
		5BAB71401B4EB5C600C1E47C /* BaseTextEditViewController.swift */ = {isa = PBXFileReference; fileEncoding = 4; lastKnownFileType = sourcecode.swift; path = BaseTextEditViewController.swift; sourceTree = "<group>"; };
		5BDC01751B639C8D00F9C59F /* FBSDKCoreKit.framework */ = {isa = PBXFileReference; lastKnownFileType = wrapper.framework; path = FBSDKCoreKit.framework; sourceTree = "<group>"; };
		5BDC01771B639E1700F9C59F /* SocialLoginViewController.swift */ = {isa = PBXFileReference; fileEncoding = 4; lastKnownFileType = sourcecode.swift; path = SocialLoginViewController.swift; sourceTree = "<group>"; };
		5BDC01791B639F8C00F9C59F /* FBSDKLoginKit.framework */ = {isa = PBXFileReference; lastKnownFileType = wrapper.framework; path = FBSDKLoginKit.framework; sourceTree = "<group>"; };
		5BDC017A1B639F8C00F9C59F /* FBSDKShareKit.framework */ = {isa = PBXFileReference; lastKnownFileType = wrapper.framework; path = FBSDKShareKit.framework; sourceTree = "<group>"; };
		5BDC017F1B63ACC700F9C59F /* Colors.swift */ = {isa = PBXFileReference; fileEncoding = 4; lastKnownFileType = sourcecode.swift; path = Colors.swift; sourceTree = "<group>"; };
		5BDC01891B63F11F00F9C59F /* AddressBook.framework */ = {isa = PBXFileReference; lastKnownFileType = wrapper.framework; name = AddressBook.framework; path = System/Library/Frameworks/AddressBook.framework; sourceTree = SDKROOT; };
		5BDC018F1B63F11F00F9C59F /* Foundation.framework */ = {isa = PBXFileReference; lastKnownFileType = wrapper.framework; name = Foundation.framework; path = System/Library/Frameworks/Foundation.framework; sourceTree = SDKROOT; };
		5BDC01921B63F11F00F9C59F /* SystemConfiguration.framework */ = {isa = PBXFileReference; lastKnownFileType = wrapper.framework; name = SystemConfiguration.framework; path = System/Library/Frameworks/SystemConfiguration.framework; sourceTree = SDKROOT; };
		5BDC01931B63F11F00F9C59F /* UIKit.framework */ = {isa = PBXFileReference; lastKnownFileType = wrapper.framework; name = UIKit.framework; path = System/Library/Frameworks/UIKit.framework; sourceTree = SDKROOT; };
		5BDC019F1B63F24600F9C59F /* Value.swift */ = {isa = PBXFileReference; fileEncoding = 4; lastKnownFileType = sourcecode.swift; path = Value.swift; sourceTree = "<group>"; };
		5BDC01A11B64083400F9C59F /* StoreKit.framework */ = {isa = PBXFileReference; lastKnownFileType = wrapper.framework; name = StoreKit.framework; path = System/Library/Frameworks/StoreKit.framework; sourceTree = SDKROOT; };
		5BDC01A91B6416FD00F9C59F /* GoogleSignIn.bundle */ = {isa = PBXFileReference; lastKnownFileType = "wrapper.plug-in"; path = GoogleSignIn.bundle; sourceTree = "<group>"; };
		5BDC01AA1B6416FD00F9C59F /* GoogleSignIn.framework */ = {isa = PBXFileReference; lastKnownFileType = wrapper.framework; path = GoogleSignIn.framework; sourceTree = "<group>"; };
		5BE3D5251B4CDBDC00F43B58 /* TabBarViewController.swift */ = {isa = PBXFileReference; fileEncoding = 4; lastKnownFileType = sourcecode.swift; path = TabBarViewController.swift; sourceTree = "<group>"; };
		5BF1EF001B4993C5002F511B /* ibook-ios.app */ = {isa = PBXFileReference; explicitFileType = wrapper.application; includeInIndex = 0; path = "ibook-ios.app"; sourceTree = BUILT_PRODUCTS_DIR; };
		5BF1EF181B4993C5002F511B /* ibook-iosTests.xctest */ = {isa = PBXFileReference; explicitFileType = wrapper.cfbundle; includeInIndex = 0; path = "ibook-iosTests.xctest"; sourceTree = BUILT_PRODUCTS_DIR; };
		5BF1EF1D1B4993C5002F511B /* Info.plist */ = {isa = PBXFileReference; lastKnownFileType = text.plist.xml; path = Info.plist; sourceTree = "<group>"; };
		5BF2C5AD1B6479CB0026251A /* FBLoginService.swift */ = {isa = PBXFileReference; fileEncoding = 4; lastKnownFileType = sourcecode.swift; path = FBLoginService.swift; sourceTree = "<group>"; };
		5BF2C5AF1B647B000026251A /* GGLoginService.swift */ = {isa = PBXFileReference; fileEncoding = 4; lastKnownFileType = sourcecode.swift; path = GGLoginService.swift; sourceTree = "<group>"; };
		5BF2C5B11B64994A0026251A /* TestLoginSuccessController.swift */ = {isa = PBXFileReference; fileEncoding = 4; lastKnownFileType = sourcecode.swift; path = TestLoginSuccessController.swift; sourceTree = "<group>"; };
		85EC97B678FC6F6377D3158D /* Pods_ibook_ios.framework */ = {isa = PBXFileReference; explicitFileType = wrapper.framework; includeInIndex = 0; path = Pods_ibook_ios.framework; sourceTree = BUILT_PRODUCTS_DIR; };
		A3515D13ED8FBC65A03510C0 /* Pods-ibook-ios.release.xcconfig */ = {isa = PBXFileReference; includeInIndex = 1; lastKnownFileType = text.xcconfig; name = "Pods-ibook-ios.release.xcconfig"; path = "Pods/Target Support Files/Pods-ibook-ios/Pods-ibook-ios.release.xcconfig"; sourceTree = "<group>"; };
		B9627AF6736BBFFD64A6FAC4 /* Pods-ibook-ios.debug.xcconfig */ = {isa = PBXFileReference; includeInIndex = 1; lastKnownFileType = text.xcconfig; name = "Pods-ibook-ios.debug.xcconfig"; path = "Pods/Target Support Files/Pods-ibook-ios/Pods-ibook-ios.debug.xcconfig"; sourceTree = "<group>"; };
/* End PBXFileReference section */

/* Begin PBXFrameworksBuildPhase section */
		5BF1EEFD1B4993C5002F511B /* Frameworks */ = {
			isa = PBXFrameworksBuildPhase;
			buildActionMask = 2147483647;
			files = (
				5BDC01A21B64083400F9C59F /* StoreKit.framework in Frameworks */,
				5BDC01941B63F11F00F9C59F /* AddressBook.framework in Frameworks */,
				5BDC019A1B63F11F00F9C59F /* Foundation.framework in Frameworks */,
				5BDC019D1B63F11F00F9C59F /* SystemConfiguration.framework in Frameworks */,
				5BDC019E1B63F11F00F9C59F /* UIKit.framework in Frameworks */,
				5BDC017C1B639F8C00F9C59F /* FBSDKShareKit.framework in Frameworks */,
				DA7C094BCF4F39D5DE3DAF56 /* Pods_ibook_ios.framework in Frameworks */,
				5BDC01761B639C8D00F9C59F /* FBSDKCoreKit.framework in Frameworks */,
				5BDC017B1B639F8C00F9C59F /* FBSDKLoginKit.framework in Frameworks */,
				5BDC01AC1B6416FD00F9C59F /* GoogleSignIn.framework in Frameworks */,
			);
			runOnlyForDeploymentPostprocessing = 0;
		};
		5BF1EF151B4993C5002F511B /* Frameworks */ = {
			isa = PBXFrameworksBuildPhase;
			buildActionMask = 2147483647;
			files = (
			);
			runOnlyForDeploymentPostprocessing = 0;
		};
/* End PBXFrameworksBuildPhase section */

/* Begin PBXGroup section */
		17BB8C1A858C381BEAA8B78B /* Pods */ = {
			isa = PBXGroup;
			children = (
				B9627AF6736BBFFD64A6FAC4 /* Pods-ibook-ios.debug.xcconfig */,
				A3515D13ED8FBC65A03510C0 /* Pods-ibook-ios.release.xcconfig */,
			);
			name = Pods;
			sourceTree = "<group>";
		};
		5B745E871B4BC8DA003E55DE /* Service */ = {
			isa = PBXGroup;
			children = (
				5B745E881B4BC8F8003E55DE /* ILoginService.swift */,
				5B745E8A1B4BC98B003E55DE /* LocalLoginService.swift */,
				5BF2C5AD1B6479CB0026251A /* FBLoginService.swift */,
				5BF2C5AF1B647B000026251A /* GGLoginService.swift */,
			);
			path = Service;
			sourceTree = "<group>";
		};
		5B745E901B4BE9F7003E55DE /* Controller */ = {
			isa = PBXGroup;
			children = (
				5B745E911B4BE9F7003E55DE /* LoginViewController.swift */,
				5B745E921B4BE9F7003E55DE /* RootViewController.swift */,
				5BE3D5251B4CDBDC00F43B58 /* TabBarViewController.swift */,
				5B9826931B4D4C87001F1656 /* FavouriteViewController.swift */,
				5B9C087D1B4D57AC0024D9DD /* DraftViewController.swift */,
				5B9C08811B4D5E8B0024D9DD /* HomeViewController.swift */,
				5B9C08851B4D5F260024D9DD /* NotifyViewController.swift */,
				5B9C08891B4D60EA0024D9DD /* ProfileViewController.swift */,
				5BAB71401B4EB5C600C1E47C /* BaseTextEditViewController.swift */,
				5BDC01771B639E1700F9C59F /* SocialLoginViewController.swift */,
				5BF2C5B11B64994A0026251A /* TestLoginSuccessController.swift */,
			);
			path = Controller;
			sourceTree = "<group>";
		};
		5B745E931B4BE9F7003E55DE /* View */ = {
			isa = PBXGroup;
			children = (
				5BA838891B4B9FAD000E41C6 /* LaunchScreen.xib */,
				5B9826971B4D4EA9001F1656 /* RootView.xib */,
				5B745E941B4BE9F7003E55DE /* LoginView.xib */,
				5B9826951B4D4D12001F1656 /* FavouriteView.xib */,
				5B9C087F1B4D57C70024D9DD /* DraftView.xib */,
				5B9C08831B4D5EA80024D9DD /* HomeView.xib */,
				5B9C08871B4D5F930024D9DD /* NotifyView.xib */,
				5B9C088B1B4D61050024D9DD /* ProfileView.xib */,
			);
			path = View;
			sourceTree = "<group>";
		};
		5BA8387C1B4B9FAD000E41C6 /* ibook-ios */ = {
			isa = PBXGroup;
			children = (
				5BA838811B4B9FAD000E41C6 /* Bridging.h */,
				5BA838851B4B9FAD000E41C6 /* Info.plist */,
				5BA8387D1B4B9FAD000E41C6 /* AppDelegate.swift */,
				5BA8387E1B4B9FAD000E41C6 /* Assembly */,
				5BA838821B4B9FAD000E41C6 /* Database */,
				5B745E871B4BC8DA003E55DE /* Service */,
				5BA838861B4B9FAD000E41C6 /* Resource */,
				5BA838881B4B9FAD000E41C6 /* UserInterface */,
			);
			path = "ibook-ios";
			sourceTree = "<group>";
		};
		5BA8387E1B4B9FAD000E41C6 /* Assembly */ = {
			isa = PBXGroup;
			children = (
				5BA838801B4B9FAD000E41C6 /* Configuration.plist */,
				5BA8387F1B4B9FAD000E41C6 /* ApplicationAssembly.swift */,
				5B98267F1B4D0E49001F1656 /* ServiceAssembly.swift */,
			);
			path = Assembly;
			sourceTree = "<group>";
		};
		5BA838821B4B9FAD000E41C6 /* Database */ = {
			isa = PBXGroup;
			children = (
				5BA838831B4B9FAD000E41C6 /* ibook_ios.xcdatamodeld */,
			);
			path = Database;
			sourceTree = "<group>";
		};
		5BA838861B4B9FAD000E41C6 /* Resource */ = {
			isa = PBXGroup;
			children = (
				5B9826831B4D2105001F1656 /* draft.png */,
				5B9826841B4D2105001F1656 /* favourite.png */,
				5B9826851B4D2105001F1656 /* home.png */,
				5B9826861B4D2105001F1656 /* notifs.png */,
				5B9826871B4D2105001F1656 /* profile.png */,
				5B9826881B4D2105001F1656 /* search.png */,
				5BDC017F1B63ACC700F9C59F /* Colors.swift */,
				5BA838871B4B9FAD000E41C6 /* Images.xcassets */,
				5BDC019F1B63F24600F9C59F /* Value.swift */,
			);
			path = Resource;
			sourceTree = "<group>";
		};
		5BA838881B4B9FAD000E41C6 /* UserInterface */ = {
			isa = PBXGroup;
			children = (
				5B745E901B4BE9F7003E55DE /* Controller */,
				5B745E931B4BE9F7003E55DE /* View */,
			);
			path = UserInterface;
			sourceTree = "<group>";
		};
		5BF1EEF71B4993C5002F511B = {
			isa = PBXGroup;
			children = (
				5BA8387C1B4B9FAD000E41C6 /* ibook-ios */,
				5BF1EF1B1B4993C5002F511B /* ibook-iosTests */,
				5BF1EF011B4993C5002F511B /* Products */,
				17BB8C1A858C381BEAA8B78B /* Pods */,
				81C972A6E3BC5D6A343497C8 /* Frameworks */,
			);
			sourceTree = "<group>";
		};
		5BF1EF011B4993C5002F511B /* Products */ = {
			isa = PBXGroup;
			children = (
				5BF1EF001B4993C5002F511B /* ibook-ios.app */,
				5BF1EF181B4993C5002F511B /* ibook-iosTests.xctest */,
			);
			name = Products;
			sourceTree = "<group>";
		};
		5BF1EF1B1B4993C5002F511B /* ibook-iosTests */ = {
			isa = PBXGroup;
			children = (
				5BF1EF1C1B4993C5002F511B /* Supporting Files */,
				5B9100911B4E5C8D00CC8F28 /* LocalLoginTest.swift */,
			);
			path = "ibook-iosTests";
			sourceTree = "<group>";
		};
		5BF1EF1C1B4993C5002F511B /* Supporting Files */ = {
			isa = PBXGroup;
			children = (
				5BF1EF1D1B4993C5002F511B /* Info.plist */,
			);
			name = "Supporting Files";
			sourceTree = "<group>";
		};
		81C972A6E3BC5D6A343497C8 /* Frameworks */ = {
			isa = PBXGroup;
			children = (
				5BDC01A91B6416FD00F9C59F /* GoogleSignIn.bundle */,
				5BDC01AA1B6416FD00F9C59F /* GoogleSignIn.framework */,
				5BDC01A11B64083400F9C59F /* StoreKit.framework */,
				5BDC01891B63F11F00F9C59F /* AddressBook.framework */,
				5BDC018F1B63F11F00F9C59F /* Foundation.framework */,
				5BDC01921B63F11F00F9C59F /* SystemConfiguration.framework */,
				5BDC01931B63F11F00F9C59F /* UIKit.framework */,
				5BDC01791B639F8C00F9C59F /* FBSDKLoginKit.framework */,
				5BDC017A1B639F8C00F9C59F /* FBSDKShareKit.framework */,
				5BDC01751B639C8D00F9C59F /* FBSDKCoreKit.framework */,
				85EC97B678FC6F6377D3158D /* Pods_ibook_ios.framework */,
			);
			name = Frameworks;
			sourceTree = "<group>";
		};
/* End PBXGroup section */

/* Begin PBXNativeTarget section */
		5BF1EEFF1B4993C5002F511B /* ibook-ios */ = {
			isa = PBXNativeTarget;
			buildConfigurationList = 5BF1EF221B4993C5002F511B /* Build configuration list for PBXNativeTarget "ibook-ios" */;
			buildPhases = (
				A86205F574C69E538B42FB42 /* Check Pods Manifest.lock */,
				5BF1EEFC1B4993C5002F511B /* Sources */,
				5BF1EEFD1B4993C5002F511B /* Frameworks */,
				5BF1EEFE1B4993C5002F511B /* Resources */,
				A026B13422D0EB9E14AA77ED /* Copy Pods Resources */,
				DE182946FDA0D91BEDE7BE6E /* Embed Pods Frameworks */,
			);
			buildRules = (
			);
			dependencies = (
			);
			name = "ibook-ios";
			productName = "ibook-ios";
			productReference = 5BF1EF001B4993C5002F511B /* ibook-ios.app */;
			productType = "com.apple.product-type.application";
		};
		5BF1EF171B4993C5002F511B /* ibook-iosTests */ = {
			isa = PBXNativeTarget;
			buildConfigurationList = 5BF1EF251B4993C5002F511B /* Build configuration list for PBXNativeTarget "ibook-iosTests" */;
			buildPhases = (
				5BF1EF141B4993C5002F511B /* Sources */,
				5BF1EF151B4993C5002F511B /* Frameworks */,
				5BF1EF161B4993C5002F511B /* Resources */,
			);
			buildRules = (
			);
			dependencies = (
				5BF1EF1A1B4993C5002F511B /* PBXTargetDependency */,
			);
			name = "ibook-iosTests";
			productName = "ibook-iosTests";
			productReference = 5BF1EF181B4993C5002F511B /* ibook-iosTests.xctest */;
			productType = "com.apple.product-type.bundle.unit-test";
		};
/* End PBXNativeTarget section */

/* Begin PBXProject section */
		5BF1EEF81B4993C5002F511B /* Project object */ = {
			isa = PBXProject;
			attributes = {
				LastUpgradeCheck = 0630;
				ORGANIZATIONNAME = apidez;
				TargetAttributes = {
					5BF1EEFF1B4993C5002F511B = {
						CreatedOnToolsVersion = 6.3.2;
					};
					5BF1EF171B4993C5002F511B = {
						CreatedOnToolsVersion = 6.3.2;
						TestTargetID = 5BF1EEFF1B4993C5002F511B;
					};
				};
			};
			buildConfigurationList = 5BF1EEFB1B4993C5002F511B /* Build configuration list for PBXProject "ibook-ios" */;
			compatibilityVersion = "Xcode 3.2";
			developmentRegion = English;
			hasScannedForEncodings = 0;
			knownRegions = (
				en,
				Base,
			);
			mainGroup = 5BF1EEF71B4993C5002F511B;
			productRefGroup = 5BF1EF011B4993C5002F511B /* Products */;
			projectDirPath = "";
			projectRoot = "";
			targets = (
				5BF1EEFF1B4993C5002F511B /* ibook-ios */,
				5BF1EF171B4993C5002F511B /* ibook-iosTests */,
			);
		};
/* End PBXProject section */

/* Begin PBXResourcesBuildPhase section */
		5BF1EEFE1B4993C5002F511B /* Resources */ = {
			isa = PBXResourcesBuildPhase;
			buildActionMask = 2147483647;
			files = (
				5B9C08881B4D5F930024D9DD /* NotifyView.xib in Resources */,
				5B98268D1B4D2105001F1656 /* profile.png in Resources */,
				5BA8388E1B4B9FAD000E41C6 /* Configuration.plist in Resources */,
				5B98268A1B4D2105001F1656 /* favourite.png in Resources */,
				5B98268E1B4D2105001F1656 /* search.png in Resources */,
				5B98268B1B4D2105001F1656 /* home.png in Resources */,
				5BA838911B4B9FAD000E41C6 /* Images.xcassets in Resources */,
				5B98268C1B4D2105001F1656 /* notifs.png in Resources */,
				5B9C08841B4D5EA80024D9DD /* HomeView.xib in Resources */,
				5B745E981B4BE9F7003E55DE /* LoginView.xib in Resources */,
				5B9826981B4D4EA9001F1656 /* RootView.xib in Resources */,
				5B9C08801B4D57C70024D9DD /* DraftView.xib in Resources */,
				5B9C088C1B4D61050024D9DD /* ProfileView.xib in Resources */,
				5BDC01AB1B6416FD00F9C59F /* GoogleSignIn.bundle in Resources */,
				5B9826891B4D2105001F1656 /* draft.png in Resources */,
				5B9826961B4D4D12001F1656 /* FavouriteView.xib in Resources */,
				5BA838921B4B9FAD000E41C6 /* LaunchScreen.xib in Resources */,
			);
			runOnlyForDeploymentPostprocessing = 0;
		};
		5BF1EF161B4993C5002F511B /* Resources */ = {
			isa = PBXResourcesBuildPhase;
			buildActionMask = 2147483647;
			files = (
			);
			runOnlyForDeploymentPostprocessing = 0;
		};
/* End PBXResourcesBuildPhase section */

/* Begin PBXShellScriptBuildPhase section */
		A026B13422D0EB9E14AA77ED /* Copy Pods Resources */ = {
			isa = PBXShellScriptBuildPhase;
			buildActionMask = 2147483647;
			files = (
			);
			inputPaths = (
			);
			name = "Copy Pods Resources";
			outputPaths = (
			);
			runOnlyForDeploymentPostprocessing = 0;
			shellPath = /bin/sh;
			shellScript = "\"${SRCROOT}/Pods/Target Support Files/Pods-ibook-ios/Pods-ibook-ios-resources.sh\"\n";
			showEnvVarsInLog = 0;
		};
		A86205F574C69E538B42FB42 /* Check Pods Manifest.lock */ = {
			isa = PBXShellScriptBuildPhase;
			buildActionMask = 2147483647;
			files = (
			);
			inputPaths = (
			);
			name = "Check Pods Manifest.lock";
			outputPaths = (
			);
			runOnlyForDeploymentPostprocessing = 0;
			shellPath = /bin/sh;
			shellScript = "diff \"${PODS_ROOT}/../Podfile.lock\" \"${PODS_ROOT}/Manifest.lock\" > /dev/null\nif [[ $? != 0 ]] ; then\n    cat << EOM\nerror: The sandbox is not in sync with the Podfile.lock. Run 'pod install' or update your CocoaPods installation.\nEOM\n    exit 1\nfi\n";
			showEnvVarsInLog = 0;
		};
		DE182946FDA0D91BEDE7BE6E /* Embed Pods Frameworks */ = {
			isa = PBXShellScriptBuildPhase;
			buildActionMask = 2147483647;
			files = (
			);
			inputPaths = (
			);
			name = "Embed Pods Frameworks";
			outputPaths = (
			);
			runOnlyForDeploymentPostprocessing = 0;
			shellPath = /bin/sh;
			shellScript = "\"${SRCROOT}/Pods/Target Support Files/Pods-ibook-ios/Pods-ibook-ios-frameworks.sh\"\n";
			showEnvVarsInLog = 0;
		};
/* End PBXShellScriptBuildPhase section */

/* Begin PBXSourcesBuildPhase section */
		5BF1EEFC1B4993C5002F511B /* Sources */ = {
			isa = PBXSourcesBuildPhase;
			buildActionMask = 2147483647;
			files = (
				5B745E961B4BE9F7003E55DE /* LoginViewController.swift in Sources */,
				5BA8388C1B4B9FAD000E41C6 /* AppDelegate.swift in Sources */,
				5BE3D5261B4CDBDC00F43B58 /* TabBarViewController.swift in Sources */,
				5BDC01801B63ACC700F9C59F /* Colors.swift in Sources */,
				5BA8388D1B4B9FAD000E41C6 /* ApplicationAssembly.swift in Sources */,
				5B9C088A1B4D60EA0024D9DD /* ProfileViewController.swift in Sources */,
				5BAB71411B4EB5C600C1E47C /* BaseTextEditViewController.swift in Sources */,
				5B745E971B4BE9F7003E55DE /* RootViewController.swift in Sources */,
				5BA8388F1B4B9FAD000E41C6 /* ibook_ios.xcdatamodeld in Sources */,
				5BF2C5B21B64994A0026251A /* TestLoginSuccessController.swift in Sources */,
				5BF2C5AE1B6479CB0026251A /* FBLoginService.swift in Sources */,
				5B745E8B1B4BC98B003E55DE /* LocalLoginService.swift in Sources */,
				5B9C08861B4D5F260024D9DD /* NotifyViewController.swift in Sources */,
				5B9826941B4D4C87001F1656 /* FavouriteViewController.swift in Sources */,
				5BDC01781B639E1700F9C59F /* SocialLoginViewController.swift in Sources */,
				5B9826801B4D0E49001F1656 /* ServiceAssembly.swift in Sources */,
				5BDC01A01B63F24600F9C59F /* Value.swift in Sources */,
				5BF2C5B01B647B000026251A /* GGLoginService.swift in Sources */,
				5B9C087E1B4D57AC0024D9DD /* DraftViewController.swift in Sources */,
				5B745E891B4BC8F8003E55DE /* ILoginService.swift in Sources */,
				5B9C08821B4D5E8B0024D9DD /* HomeViewController.swift in Sources */,
			);
			runOnlyForDeploymentPostprocessing = 0;
		};
		5BF1EF141B4993C5002F511B /* Sources */ = {
			isa = PBXSourcesBuildPhase;
			buildActionMask = 2147483647;
			files = (
				5B9100921B4E5C8D00CC8F28 /* LocalLoginTest.swift in Sources */,
				5B0CBDDD1B4F95E20008B079 /* ILoginService.swift in Sources */,
				5B9100931B4E5F1A00CC8F28 /* LocalLoginService.swift in Sources */,
			);
			runOnlyForDeploymentPostprocessing = 0;
		};
/* End PBXSourcesBuildPhase section */

/* Begin PBXTargetDependency section */
		5BF1EF1A1B4993C5002F511B /* PBXTargetDependency */ = {
			isa = PBXTargetDependency;
			target = 5BF1EEFF1B4993C5002F511B /* ibook-ios */;
			targetProxy = 5BF1EF191B4993C5002F511B /* PBXContainerItemProxy */;
		};
/* End PBXTargetDependency section */

/* Begin XCBuildConfiguration section */
		5BF1EF201B4993C5002F511B /* Debug */ = {
			isa = XCBuildConfiguration;
			buildSettings = {
				ALWAYS_SEARCH_USER_PATHS = NO;
				CLANG_CXX_LANGUAGE_STANDARD = "gnu++0x";
				CLANG_CXX_LIBRARY = "libc++";
				CLANG_ENABLE_MODULES = YES;
				CLANG_ENABLE_OBJC_ARC = YES;
				CLANG_WARN_BOOL_CONVERSION = YES;
				CLANG_WARN_CONSTANT_CONVERSION = YES;
				CLANG_WARN_DIRECT_OBJC_ISA_USAGE = YES_ERROR;
				CLANG_WARN_EMPTY_BODY = YES;
				CLANG_WARN_ENUM_CONVERSION = YES;
				CLANG_WARN_INT_CONVERSION = YES;
				CLANG_WARN_OBJC_ROOT_CLASS = YES_ERROR;
				CLANG_WARN_UNREACHABLE_CODE = YES;
				CLANG_WARN__DUPLICATE_METHOD_MATCH = YES;
				"CODE_SIGN_IDENTITY[sdk=iphoneos*]" = "iPhone Developer";
				COPY_PHASE_STRIP = NO;
				DEBUG_INFORMATION_FORMAT = "dwarf-with-dsym";
				ENABLE_STRICT_OBJC_MSGSEND = YES;
				GCC_C_LANGUAGE_STANDARD = gnu99;
				GCC_DYNAMIC_NO_PIC = NO;
				GCC_NO_COMMON_BLOCKS = YES;
				GCC_OPTIMIZATION_LEVEL = 0;
				GCC_PREPROCESSOR_DEFINITIONS = (
					"DEBUG=1",
					"$(inherited)",
				);
				GCC_SYMBOLS_PRIVATE_EXTERN = NO;
				GCC_WARN_64_TO_32_BIT_CONVERSION = YES;
				GCC_WARN_ABOUT_RETURN_TYPE = YES_ERROR;
				GCC_WARN_UNDECLARED_SELECTOR = YES;
				GCC_WARN_UNINITIALIZED_AUTOS = YES_AGGRESSIVE;
				GCC_WARN_UNUSED_FUNCTION = YES;
				GCC_WARN_UNUSED_VARIABLE = YES;
				IPHONEOS_DEPLOYMENT_TARGET = 8.3;
				MTL_ENABLE_DEBUG_INFO = YES;
				ONLY_ACTIVE_ARCH = YES;
				SDKROOT = iphoneos;
				SWIFT_OPTIMIZATION_LEVEL = "-Onone";
				TARGETED_DEVICE_FAMILY = "1,2";
			};
			name = Debug;
		};
		5BF1EF211B4993C5002F511B /* Release */ = {
			isa = XCBuildConfiguration;
			buildSettings = {
				ALWAYS_SEARCH_USER_PATHS = NO;
				CLANG_CXX_LANGUAGE_STANDARD = "gnu++0x";
				CLANG_CXX_LIBRARY = "libc++";
				CLANG_ENABLE_MODULES = YES;
				CLANG_ENABLE_OBJC_ARC = YES;
				CLANG_WARN_BOOL_CONVERSION = YES;
				CLANG_WARN_CONSTANT_CONVERSION = YES;
				CLANG_WARN_DIRECT_OBJC_ISA_USAGE = YES_ERROR;
				CLANG_WARN_EMPTY_BODY = YES;
				CLANG_WARN_ENUM_CONVERSION = YES;
				CLANG_WARN_INT_CONVERSION = YES;
				CLANG_WARN_OBJC_ROOT_CLASS = YES_ERROR;
				CLANG_WARN_UNREACHABLE_CODE = YES;
				CLANG_WARN__DUPLICATE_METHOD_MATCH = YES;
				"CODE_SIGN_IDENTITY[sdk=iphoneos*]" = "iPhone Developer";
				COPY_PHASE_STRIP = NO;
				DEBUG_INFORMATION_FORMAT = "dwarf-with-dsym";
				ENABLE_NS_ASSERTIONS = NO;
				ENABLE_STRICT_OBJC_MSGSEND = YES;
				GCC_C_LANGUAGE_STANDARD = gnu99;
				GCC_NO_COMMON_BLOCKS = YES;
				GCC_WARN_64_TO_32_BIT_CONVERSION = YES;
				GCC_WARN_ABOUT_RETURN_TYPE = YES_ERROR;
				GCC_WARN_UNDECLARED_SELECTOR = YES;
				GCC_WARN_UNINITIALIZED_AUTOS = YES_AGGRESSIVE;
				GCC_WARN_UNUSED_FUNCTION = YES;
				GCC_WARN_UNUSED_VARIABLE = YES;
				IPHONEOS_DEPLOYMENT_TARGET = 8.3;
				MTL_ENABLE_DEBUG_INFO = NO;
				SDKROOT = iphoneos;
				TARGETED_DEVICE_FAMILY = "1,2";
				VALIDATE_PRODUCT = YES;
			};
			name = Release;
		};
		5BF1EF231B4993C5002F511B /* Debug */ = {
			isa = XCBuildConfiguration;
			baseConfigurationReference = B9627AF6736BBFFD64A6FAC4 /* Pods-ibook-ios.debug.xcconfig */;
			buildSettings = {
				ASSETCATALOG_COMPILER_APPICON_NAME = AppIcon;
				FRAMEWORK_SEARCH_PATHS = (
					"$(inherited)",
					"$(PROJECT_DIR)",
				);
				INFOPLIST_FILE = "ibook-ios/Info.plist";
				LD_RUNPATH_SEARCH_PATHS = "$(inherited) @executable_path/Frameworks";
				PRODUCT_NAME = "$(TARGET_NAME)";
				SWIFT_OBJC_BRIDGING_HEADER = "ibook-ios/Bridging.h";
			};
			name = Debug;
		};
		5BF1EF241B4993C5002F511B /* Release */ = {
			isa = XCBuildConfiguration;
			baseConfigurationReference = A3515D13ED8FBC65A03510C0 /* Pods-ibook-ios.release.xcconfig */;
			buildSettings = {
				ASSETCATALOG_COMPILER_APPICON_NAME = AppIcon;
				FRAMEWORK_SEARCH_PATHS = (
					"$(inherited)",
					"$(PROJECT_DIR)",
				);
				INFOPLIST_FILE = "ibook-ios/Info.plist";
				LD_RUNPATH_SEARCH_PATHS = "$(inherited) @executable_path/Frameworks";
				PRODUCT_NAME = "$(TARGET_NAME)";
				SWIFT_OBJC_BRIDGING_HEADER = "ibook-ios/Bridging.h";
			};
			name = Release;
		};
		5BF1EF261B4993C5002F511B /* Debug */ = {
			isa = XCBuildConfiguration;
			buildSettings = {
				BUNDLE_LOADER = "$(TEST_HOST)";
				FRAMEWORK_SEARCH_PATHS = (
					"$(SDKROOT)/Developer/Library/Frameworks",
					"$(inherited)",
				);
				GCC_PREPROCESSOR_DEFINITIONS = (
					"DEBUG=1",
					"$(inherited)",
				);
				INFOPLIST_FILE = "ibook-iosTests/Info.plist";
				LD_RUNPATH_SEARCH_PATHS = "$(inherited) @executable_path/Frameworks @loader_path/Frameworks";
				PRODUCT_NAME = "$(TARGET_NAME)";
				TEST_HOST = "$(BUILT_PRODUCTS_DIR)/ibook-ios.app/ibook-ios";
			};
			name = Debug;
		};
		5BF1EF271B4993C5002F511B /* Release */ = {
			isa = XCBuildConfiguration;
			buildSettings = {
				BUNDLE_LOADER = "$(TEST_HOST)";
				FRAMEWORK_SEARCH_PATHS = (
					"$(SDKROOT)/Developer/Library/Frameworks",
					"$(inherited)",
				);
				INFOPLIST_FILE = "ibook-iosTests/Info.plist";
				LD_RUNPATH_SEARCH_PATHS = "$(inherited) @executable_path/Frameworks @loader_path/Frameworks";
				PRODUCT_NAME = "$(TARGET_NAME)";
				TEST_HOST = "$(BUILT_PRODUCTS_DIR)/ibook-ios.app/ibook-ios";
			};
			name = Release;
		};
/* End XCBuildConfiguration section */

/* Begin XCConfigurationList section */
		5BF1EEFB1B4993C5002F511B /* Build configuration list for PBXProject "ibook-ios" */ = {
			isa = XCConfigurationList;
			buildConfigurations = (
				5BF1EF201B4993C5002F511B /* Debug */,
				5BF1EF211B4993C5002F511B /* Release */,
			);
			defaultConfigurationIsVisible = 0;
			defaultConfigurationName = Release;
		};
		5BF1EF221B4993C5002F511B /* Build configuration list for PBXNativeTarget "ibook-ios" */ = {
			isa = XCConfigurationList;
			buildConfigurations = (
				5BF1EF231B4993C5002F511B /* Debug */,
				5BF1EF241B4993C5002F511B /* Release */,
			);
			defaultConfigurationIsVisible = 0;
			defaultConfigurationName = Release;
		};
		5BF1EF251B4993C5002F511B /* Build configuration list for PBXNativeTarget "ibook-iosTests" */ = {
			isa = XCConfigurationList;
			buildConfigurations = (
				5BF1EF261B4993C5002F511B /* Debug */,
				5BF1EF271B4993C5002F511B /* Release */,
			);
			defaultConfigurationIsVisible = 0;
			defaultConfigurationName = Release;
		};
/* End XCConfigurationList section */

/* Begin XCVersionGroup section */
		5BA838831B4B9FAD000E41C6 /* ibook_ios.xcdatamodeld */ = {
			isa = XCVersionGroup;
			children = (
				5BA838841B4B9FAD000E41C6 /* ibook_ios.xcdatamodel */,
			);
			currentVersion = 5BA838841B4B9FAD000E41C6 /* ibook_ios.xcdatamodel */;
			path = ibook_ios.xcdatamodeld;
			sourceTree = "<group>";
			versionGroupType = wrapper.xcdatamodel;
		};
/* End XCVersionGroup section */
	};
	rootObject = 5BF1EEF81B4993C5002F511B /* Project object */;
}
